
Microsoft Visual Studio Solution File, Format Version 12.00
# Visual Studio Version 16
VisualStudioVersion = 16.0.31729.503
MinimumVisualStudioVersion = 10.0.40219.1
Project("{FAE04EC0-301F-11D3-BF4B-00C04F79EFBC}") = "SET2", "SET2\SET2.csproj", "{29424F80-647B-4A10-AED0-807387B8FDC0}"
EndProject
Global
	GlobalSection(SolutionConfigurationPlatforms) = preSolution
		Debug|Any CPU = Debug|Any CPU
		Release|Any CPU = Release|Any CPU
	EndGlobalSection
	GlobalSection(ProjectConfigurationPlatforms) = postSolution
		{29424F80-647B-4A10-AED0-807387B8FDC0}.Debug|Any CPU.ActiveCfg = Debug|Any CPU
		{29424F80-647B-4A10-AED0-807387B8FDC0}.Debug|Any CPU.Build.0 = Debug|Any CPU
		{29424F80-647B-4A10-AED0-807387B8FDC0}.Release|Any CPU.ActiveCfg = Release|Any CPU
		{29424F80-647B-4A10-AED0-807387B8FDC0}.Release|Any CPU.Build.0 = Release|Any CPU
	EndGlobalSection
	GlobalSection(SolutionProperties) = preSolution
		HideSolutionNode = FALSE
	EndGlobalSection
	GlobalSection(ExtensibilityGlobals) = postSolution
		SolutionGuid = {3B15783C-0340-42F5-8A0A-95D6684A0894}
	EndGlobalSection
EndGlobal
