
Microsoft Visual Studio Solution File, Format Version 12.00
# Visual Studio Version 16
VisualStudioVersion = 16.0.31702.278
MinimumVisualStudioVersion = 10.0.40219.1
Project("{9A19103F-16F7-4668-BE54-9A1E7A4F7556}") = "FP2021", "FP2021\FP2021.csproj", "{BD2425AF-5D77-4339-8C3E-DA110BD971E3}"
EndProject
Global
	GlobalSection(SolutionConfigurationPlatforms) = preSolution
		Debug|Any CPU = Debug|Any CPU
		Release|Any CPU = Release|Any CPU
	EndGlobalSection
	GlobalSection(ProjectConfigurationPlatforms) = postSolution
		{BD2425AF-5D77-4339-8C3E-DA110BD971E3}.Debug|Any CPU.ActiveCfg = Debug|Any CPU
		{BD2425AF-5D77-4339-8C3E-DA110BD971E3}.Debug|Any CPU.Build.0 = Debug|Any CPU
		{BD2425AF-5D77-4339-8C3E-DA110BD971E3}.Release|Any CPU.ActiveCfg = Release|Any CPU
		{BD2425AF-5D77-4339-8C3E-DA110BD971E3}.Release|Any CPU.Build.0 = Release|Any CPU
	EndGlobalSection
	GlobalSection(SolutionProperties) = preSolution
		HideSolutionNode = FALSE
	EndGlobalSection
	GlobalSection(ExtensibilityGlobals) = postSolution
		SolutionGuid = {86427E82-421D-473A-A6CC-7CD5EABCE354}
	EndGlobalSection
EndGlobal
