
Microsoft Visual Studio Solution File, Format Version 12.00
# Visual Studio Version 16
VisualStudioVersion = 16.0.31729.503
MinimumVisualStudioVersion = 10.0.40219.1
Project("{FAE04EC0-301F-11D3-BF4B-00C04F79EFBC}") = "SET3", "SET3\SET3.csproj", "{4A9E6466-547F-40BB-AB5A-784E64A1A2A8}"
EndProject
Global
	GlobalSection(SolutionConfigurationPlatforms) = preSolution
		Debug|Any CPU = Debug|Any CPU
		Release|Any CPU = Release|Any CPU
	EndGlobalSection
	GlobalSection(ProjectConfigurationPlatforms) = postSolution
		{4A9E6466-547F-40BB-AB5A-784E64A1A2A8}.Debug|Any CPU.ActiveCfg = Debug|Any CPU
		{4A9E6466-547F-40BB-AB5A-784E64A1A2A8}.Debug|Any CPU.Build.0 = Debug|Any CPU
		{4A9E6466-547F-40BB-AB5A-784E64A1A2A8}.Release|Any CPU.ActiveCfg = Release|Any CPU
		{4A9E6466-547F-40BB-AB5A-784E64A1A2A8}.Release|Any CPU.Build.0 = Release|Any CPU
	EndGlobalSection
	GlobalSection(SolutionProperties) = preSolution
		HideSolutionNode = FALSE
	EndGlobalSection
	GlobalSection(ExtensibilityGlobals) = postSolution
		SolutionGuid = {FC15591C-5F6F-46DD-9A39-5B7170B6FB47}
	EndGlobalSection
EndGlobal
