
Microsoft Visual Studio Solution File, Format Version 12.00
# Visual Studio Version 16
VisualStudioVersion = 16.0.31729.503
MinimumVisualStudioVersion = 10.0.40219.1
Project("{FAE04EC0-301F-11D3-BF4B-00C04F79EFBC}") = "EXAMEN FP", "EXAMEN FP\EXAMEN FP.csproj", "{C2262356-07A7-4F6F-881E-9FC2309F1A85}"
EndProject
Global
	GlobalSection(SolutionConfigurationPlatforms) = preSolution
		Debug|Any CPU = Debug|Any CPU
		Release|Any CPU = Release|Any CPU
	EndGlobalSection
	GlobalSection(ProjectConfigurationPlatforms) = postSolution
		{C2262356-07A7-4F6F-881E-9FC2309F1A85}.Debug|Any CPU.ActiveCfg = Debug|Any CPU
		{C2262356-07A7-4F6F-881E-9FC2309F1A85}.Debug|Any CPU.Build.0 = Debug|Any CPU
		{C2262356-07A7-4F6F-881E-9FC2309F1A85}.Release|Any CPU.ActiveCfg = Release|Any CPU
		{C2262356-07A7-4F6F-881E-9FC2309F1A85}.Release|Any CPU.Build.0 = Release|Any CPU
	EndGlobalSection
	GlobalSection(SolutionProperties) = preSolution
		HideSolutionNode = FALSE
	EndGlobalSection
	GlobalSection(ExtensibilityGlobals) = postSolution
		SolutionGuid = {3A13D2E8-35D1-4D93-8A7D-0C992F0D6108}
	EndGlobalSection
EndGlobal
